
Microsoft Visual Studio Solution File, Format Version 12.00
# Visual Studio 15
VisualStudioVersion = 15.0.27004.2005
MinimumVisualStudioVersion = 10.0.40219.1
Project("{E24C65DC-7377-472B-9ABA-BC803B73C61A}") = "MikeLalonePottery", ".", "{B1BB1F1E-7F64-4BBB-A831-1ACEC256B63F}"
	ProjectSection(WebsiteProperties) = preProject
		SccProjectName = ""
		SccAuxPath = ""
		SccLocalPath = ""
		SccProvider = ""
		TargetFrameworkMoniker = ".NETFramework,Version%3Dv4.0"
		Debug.AspNetCompiler.VirtualPath = "/localhost_50017"
		Debug.AspNetCompiler.PhysicalPath = "..\MikeLalonePottery\"
		Debug.AspNetCompiler.TargetPath = "PrecompiledWeb\localhost_50017\"
		Debug.AspNetCompiler.Updateable = "true"
		Debug.AspNetCompiler.ForceOverwrite = "true"
		Debug.AspNetCompiler.FixedNames = "false"
		Debug.AspNetCompiler.Debug = "True"
		Release.AspNetCompiler.VirtualPath = "/localhost_50017"
		Release.AspNetCompiler.PhysicalPath = "..\MikeLalonePottery\"
		Release.AspNetCompiler.TargetPath = "PrecompiledWeb\localhost_50017\"
		Release.AspNetCompiler.Updateable = "true"
		Release.AspNetCompiler.ForceOverwrite = "true"
		Release.AspNetCompiler.FixedNames = "false"
		Release.AspNetCompiler.Debug = "False"
		VWDPort = "50017"
		SlnRelativePath = "..\MikeLalonePottery\"
	EndProjectSection
EndProject
Global
	GlobalSection(SolutionConfigurationPlatforms) = preSolution
		Debug|Any CPU = Debug|Any CPU
	EndGlobalSection
	GlobalSection(ProjectConfigurationPlatforms) = postSolution
		{B1BB1F1E-7F64-4BBB-A831-1ACEC256B63F}.Debug|Any CPU.ActiveCfg = Debug|Any CPU
		{B1BB1F1E-7F64-4BBB-A831-1ACEC256B63F}.Debug|Any CPU.Build.0 = Debug|Any CPU
	EndGlobalSection
	GlobalSection(SolutionProperties) = preSolution
		HideSolutionNode = FALSE
	EndGlobalSection
	GlobalSection(ExtensibilityGlobals) = postSolution
		SolutionGuid = {31E42A15-144D-4A71-A3B6-99241865EF27}
	EndGlobalSection
EndGlobal
